// !$*UTF8*$!
{
	archiveVersion = 1;
	classes = {
	};
	objectVersion = 46;
	objects = {

/* Begin PBXBuildFile section */
		8B6632BD16DF065F00862119 /* UIKit.framework in Frameworks */ = {isa = PBXBuildFile; fileRef = 8B6632BC16DF065F00862119 /* UIKit.framework */; };
		8B6632BF16DF065F00862119 /* Foundation.framework in Frameworks */ = {isa = PBXBuildFile; fileRef = 8B6632BE16DF065F00862119 /* Foundation.framework */; };
		8B6632C116DF065F00862119 /* CoreGraphics.framework in Frameworks */ = {isa = PBXBuildFile; fileRef = 8B6632C016DF065F00862119 /* CoreGraphics.framework */; };
		8B6632C716DF065F00862119 /* InfoPlist.strings in Resources */ = {isa = PBXBuildFile; fileRef = 8B6632C516DF065F00862119 /* InfoPlist.strings */; };
		8B6632C916DF065F00862119 /* main.m in Sources */ = {isa = PBXBuildFile; fileRef = 8B6632C816DF065F00862119 /* main.m */; };
		8B6632CD16DF065F00862119 /* SpotAppDelegate.m in Sources */ = {isa = PBXBuildFile; fileRef = 8B6632CC16DF065F00862119 /* SpotAppDelegate.m */; };
		8B6632CF16DF065F00862119 /* Default.png in Resources */ = {isa = PBXBuildFile; fileRef = 8B6632CE16DF065F00862119 /* Default.png */; };
		8B6632D116DF065F00862119 /* Default@2x.png in Resources */ = {isa = PBXBuildFile; fileRef = 8B6632D016DF065F00862119 /* Default@2x.png */; };
		8B6632D316DF065F00862119 /* Default-568h@2x.png in Resources */ = {isa = PBXBuildFile; fileRef = 8B6632D216DF065F00862119 /* Default-568h@2x.png */; };
		8B6632D616DF065F00862119 /* MainStoryboard_iPhone.storyboard in Resources */ = {isa = PBXBuildFile; fileRef = 8B6632D416DF065F00862119 /* MainStoryboard_iPhone.storyboard */; };
		8B6632D916DF065F00862119 /* MainStoryboard_iPad.storyboard in Resources */ = {isa = PBXBuildFile; fileRef = 8B6632D716DF065F00862119 /* MainStoryboard_iPad.storyboard */; };
		8B6632DC16DF065F00862119 /* SpotViewController.m in Sources */ = {isa = PBXBuildFile; fileRef = 8B6632DB16DF065F00862119 /* SpotViewController.m */; };
		8B6632E516DF127E00862119 /* ImageViewController.m in Sources */ = {isa = PBXBuildFile; fileRef = 8B6632E416DF127E00862119 /* ImageViewController.m */; };
		8B6632E816DF147900862119 /* PhotoModel.xcdatamodeld in Sources */ = {isa = PBXBuildFile; fileRef = 8B6632E616DF147900862119 /* PhotoModel.xcdatamodeld */; };
		8B6632ED16DF23EC00862119 /* FlickrFetcher.m in Sources */ = {isa = PBXBuildFile; fileRef = 8B6632EC16DF23EC00862119 /* FlickrFetcher.m */; };
		8B66330216DF31CB00862119 /* PhotoManager.m in Sources */ = {isa = PBXBuildFile; fileRef = 8B66330116DF31CB00862119 /* PhotoManager.m */; };
		8B66330516DF35D400862119 /* Photo+Flickr.m in Sources */ = {isa = PBXBuildFile; fileRef = 8B66330416DF35D400862119 /* Photo+Flickr.m */; };
		8B66330A16DF411E00862119 /* CoreData.framework in Frameworks */ = {isa = PBXBuildFile; fileRef = 8B66330916DF411E00862119 /* CoreData.framework */; };
		8B66331016DF53BD00862119 /* Tag.m in Sources */ = {isa = PBXBuildFile; fileRef = 8B66330F16DF53BD00862119 /* Tag.m */; };
		8B66331316DF53F800862119 /* Tag+Flickr.m in Sources */ = {isa = PBXBuildFile; fileRef = 8B66331216DF53F800862119 /* Tag+Flickr.m */; };
		8B66331916DF5E7600862119 /* Photo.m in Sources */ = {isa = PBXBuildFile; fileRef = 8B66331816DF5E7600862119 /* Photo.m */; };
/* End PBXBuildFile section */

/* Begin PBXFileReference section */
		8B6632B816DF065F00862119 /* CoreSpot.app */ = {isa = PBXFileReference; explicitFileType = wrapper.application; includeInIndex = 0; path = CoreSpot.app; sourceTree = BUILT_PRODUCTS_DIR; };
		8B6632BC16DF065F00862119 /* UIKit.framework */ = {isa = PBXFileReference; lastKnownFileType = wrapper.framework; name = UIKit.framework; path = System/Library/Frameworks/UIKit.framework; sourceTree = SDKROOT; };
		8B6632BE16DF065F00862119 /* Foundation.framework */ = {isa = PBXFileReference; lastKnownFileType = wrapper.framework; name = Foundation.framework; path = System/Library/Frameworks/Foundation.framework; sourceTree = SDKROOT; };
		8B6632C016DF065F00862119 /* CoreGraphics.framework */ = {isa = PBXFileReference; lastKnownFileType = wrapper.framework; name = CoreGraphics.framework; path = System/Library/Frameworks/CoreGraphics.framework; sourceTree = SDKROOT; };
		8B6632C416DF065F00862119 /* CoreSpot-Info.plist */ = {isa = PBXFileReference; lastKnownFileType = text.plist.xml; path = "CoreSpot-Info.plist"; sourceTree = "<group>"; };
		8B6632C616DF065F00862119 /* en */ = {isa = PBXFileReference; lastKnownFileType = text.plist.strings; name = en; path = en.lproj/InfoPlist.strings; sourceTree = "<group>"; };
		8B6632C816DF065F00862119 /* main.m */ = {isa = PBXFileReference; lastKnownFileType = sourcecode.c.objc; path = main.m; sourceTree = "<group>"; };
		8B6632CA16DF065F00862119 /* CoreSpot-Prefix.pch */ = {isa = PBXFileReference; lastKnownFileType = sourcecode.c.h; path = "CoreSpot-Prefix.pch"; sourceTree = "<group>"; };
		8B6632CB16DF065F00862119 /* SpotAppDelegate.h */ = {isa = PBXFileReference; lastKnownFileType = sourcecode.c.h; path = SpotAppDelegate.h; sourceTree = "<group>"; };
		8B6632CC16DF065F00862119 /* SpotAppDelegate.m */ = {isa = PBXFileReference; lastKnownFileType = sourcecode.c.objc; path = SpotAppDelegate.m; sourceTree = "<group>"; };
		8B6632CE16DF065F00862119 /* Default.png */ = {isa = PBXFileReference; lastKnownFileType = image.png; path = Default.png; sourceTree = "<group>"; };
		8B6632D016DF065F00862119 /* Default@2x.png */ = {isa = PBXFileReference; lastKnownFileType = image.png; path = "Default@2x.png"; sourceTree = "<group>"; };
		8B6632D216DF065F00862119 /* Default-568h@2x.png */ = {isa = PBXFileReference; lastKnownFileType = image.png; path = "Default-568h@2x.png"; sourceTree = "<group>"; };
		8B6632D516DF065F00862119 /* en */ = {isa = PBXFileReference; lastKnownFileType = file.storyboard; name = en; path = en.lproj/MainStoryboard_iPhone.storyboard; sourceTree = "<group>"; };
		8B6632D816DF065F00862119 /* en */ = {isa = PBXFileReference; lastKnownFileType = file.storyboard; name = en; path = en.lproj/MainStoryboard_iPad.storyboard; sourceTree = "<group>"; };
		8B6632DA16DF065F00862119 /* SpotViewController.h */ = {isa = PBXFileReference; lastKnownFileType = sourcecode.c.h; path = SpotViewController.h; sourceTree = "<group>"; };
		8B6632DB16DF065F00862119 /* SpotViewController.m */ = {isa = PBXFileReference; lastKnownFileType = sourcecode.c.objc; path = SpotViewController.m; sourceTree = "<group>"; };
		8B6632E316DF127E00862119 /* ImageViewController.h */ = {isa = PBXFileReference; fileEncoding = 4; lastKnownFileType = sourcecode.c.h; path = ImageViewController.h; sourceTree = "<group>"; };
		8B6632E416DF127E00862119 /* ImageViewController.m */ = {isa = PBXFileReference; fileEncoding = 4; lastKnownFileType = sourcecode.c.objc; path = ImageViewController.m; sourceTree = "<group>"; };
		8B6632E716DF147900862119 /* PhotoModel.xcdatamodel */ = {isa = PBXFileReference; lastKnownFileType = wrapper.xcdatamodel; path = PhotoModel.xcdatamodel; sourceTree = "<group>"; };
		8B6632EA16DF23E400862119 /* FlickrAPIKey.h */ = {isa = PBXFileReference; fileEncoding = 4; lastKnownFileType = sourcecode.c.h; path = FlickrAPIKey.h; sourceTree = "<group>"; };
		8B6632EB16DF23E400862119 /* FlickrFetcher.h */ = {isa = PBXFileReference; fileEncoding = 4; lastKnownFileType = sourcecode.c.h; path = FlickrFetcher.h; sourceTree = "<group>"; };
		8B6632EC16DF23EC00862119 /* FlickrFetcher.m */ = {isa = PBXFileReference; fileEncoding = 4; lastKnownFileType = sourcecode.c.objc; path = FlickrFetcher.m; sourceTree = "<group>"; };
		8B66330016DF31CB00862119 /* PhotoManager.h */ = {isa = PBXFileReference; fileEncoding = 4; lastKnownFileType = sourcecode.c.h; path = PhotoManager.h; sourceTree = "<group>"; };
		8B66330116DF31CB00862119 /* PhotoManager.m */ = {isa = PBXFileReference; fileEncoding = 4; lastKnownFileType = sourcecode.c.objc; path = PhotoManager.m; sourceTree = "<group>"; };
		8B66330316DF35D400862119 /* Photo+Flickr.h */ = {isa = PBXFileReference; fileEncoding = 4; lastKnownFileType = sourcecode.c.h; path = "Photo+Flickr.h"; sourceTree = "<group>"; };
		8B66330416DF35D400862119 /* Photo+Flickr.m */ = {isa = PBXFileReference; fileEncoding = 4; lastKnownFileType = sourcecode.c.objc; path = "Photo+Flickr.m"; sourceTree = "<group>"; };
		8B66330916DF411E00862119 /* CoreData.framework */ = {isa = PBXFileReference; lastKnownFileType = wrapper.framework; name = CoreData.framework; path = System/Library/Frameworks/CoreData.framework; sourceTree = SDKROOT; };
		8B66330E16DF53BD00862119 /* Tag.h */ = {isa = PBXFileReference; fileEncoding = 4; lastKnownFileType = sourcecode.c.h; path = Tag.h; sourceTree = "<group>"; };
		8B66330F16DF53BD00862119 /* Tag.m */ = {isa = PBXFileReference; fileEncoding = 4; lastKnownFileType = sourcecode.c.objc; path = Tag.m; sourceTree = "<group>"; };
		8B66331116DF53F800862119 /* Tag+Flickr.h */ = {isa = PBXFileReference; fileEncoding = 4; lastKnownFileType = sourcecode.c.h; path = "Tag+Flickr.h"; sourceTree = "<group>"; };
		8B66331216DF53F800862119 /* Tag+Flickr.m */ = {isa = PBXFileReference; fileEncoding = 4; lastKnownFileType = sourcecode.c.objc; path = "Tag+Flickr.m"; sourceTree = "<group>"; };
		8B66331716DF5E7500862119 /* Photo.h */ = {isa = PBXFileReference; fileEncoding = 4; lastKnownFileType = sourcecode.c.h; path = Photo.h; sourceTree = "<group>"; };
		8B66331816DF5E7600862119 /* Photo.m */ = {isa = PBXFileReference; fileEncoding = 4; lastKnownFileType = sourcecode.c.objc; path = Photo.m; sourceTree = "<group>"; };
/* End PBXFileReference section */

/* Begin PBXFrameworksBuildPhase section */
		8B6632B516DF065F00862119 /* Frameworks */ = {
			isa = PBXFrameworksBuildPhase;
			buildActionMask = 2147483647;
			files = (
				8B66330A16DF411E00862119 /* CoreData.framework in Frameworks */,
				8B6632BD16DF065F00862119 /* UIKit.framework in Frameworks */,
				8B6632BF16DF065F00862119 /* Foundation.framework in Frameworks */,
				8B6632C116DF065F00862119 /* CoreGraphics.framework in Frameworks */,
			);
			runOnlyForDeploymentPostprocessing = 0;
		};
/* End PBXFrameworksBuildPhase section */

/* Begin PBXGroup section */
		8B6632AD16DF065F00862119 = {
			isa = PBXGroup;
			children = (
				8B66330916DF411E00862119 /* CoreData.framework */,
				8B6632C216DF065F00862119 /* CoreSpot */,
				8B6632BB16DF065F00862119 /* Frameworks */,
				8B6632B916DF065F00862119 /* Products */,
			);
			sourceTree = "<group>";
		};
		8B6632B916DF065F00862119 /* Products */ = {
			isa = PBXGroup;
			children = (
				8B6632B816DF065F00862119 /* CoreSpot.app */,
			);
			name = Products;
			sourceTree = "<group>";
		};
		8B6632BB16DF065F00862119 /* Frameworks */ = {
			isa = PBXGroup;
			children = (
				8B6632BC16DF065F00862119 /* UIKit.framework */,
				8B6632BE16DF065F00862119 /* Foundation.framework */,
				8B6632C016DF065F00862119 /* CoreGraphics.framework */,
			);
			name = Frameworks;
			sourceTree = "<group>";
		};
		8B6632C216DF065F00862119 /* CoreSpot */ = {
			isa = PBXGroup;
			children = (
				8B6632E916DF23C300862119 /* Model */,
				8B6632E316DF127E00862119 /* ImageViewController.h */,
				8B6632E416DF127E00862119 /* ImageViewController.m */,
				8B6632CB16DF065F00862119 /* SpotAppDelegate.h */,
				8B6632CC16DF065F00862119 /* SpotAppDelegate.m */,
				8B6632D416DF065F00862119 /* MainStoryboard_iPhone.storyboard */,
				8B6632E616DF147900862119 /* PhotoModel.xcdatamodeld */,
				8B6632D716DF065F00862119 /* MainStoryboard_iPad.storyboard */,
				8B6632DA16DF065F00862119 /* SpotViewController.h */,
				8B6632DB16DF065F00862119 /* SpotViewController.m */,
				8B6632C316DF065F00862119 /* Supporting Files */,
			);
			path = CoreSpot;
			sourceTree = "<group>";
		};
		8B6632C316DF065F00862119 /* Supporting Files */ = {
			isa = PBXGroup;
			children = (
				8B6632C416DF065F00862119 /* CoreSpot-Info.plist */,
				8B6632C516DF065F00862119 /* InfoPlist.strings */,
				8B6632C816DF065F00862119 /* main.m */,
				8B6632CA16DF065F00862119 /* CoreSpot-Prefix.pch */,
				8B6632CE16DF065F00862119 /* Default.png */,
				8B6632D016DF065F00862119 /* Default@2x.png */,
				8B6632D216DF065F00862119 /* Default-568h@2x.png */,
			);
			name = "Supporting Files";
			sourceTree = "<group>";
		};
		8B6632E916DF23C300862119 /* Model */ = {
			isa = PBXGroup;
			children = (
				8B66331716DF5E7500862119 /* Photo.h */,
				8B66331816DF5E7600862119 /* Photo.m */,
				8B66330E16DF53BD00862119 /* Tag.h */,
				8B66331116DF53F800862119 /* Tag+Flickr.h */,
				8B66331216DF53F800862119 /* Tag+Flickr.m */,
				8B66330F16DF53BD00862119 /* Tag.m */,
				8B66330016DF31CB00862119 /* PhotoManager.h */,
				8B66330116DF31CB00862119 /* PhotoManager.m */,
				8B66330316DF35D400862119 /* Photo+Flickr.h */,
				8B66330416DF35D400862119 /* Photo+Flickr.m */,
				8B6632EA16DF23E400862119 /* FlickrAPIKey.h */,
				8B6632EB16DF23E400862119 /* FlickrFetcher.h */,
				8B6632EC16DF23EC00862119 /* FlickrFetcher.m */,
			);
			name = Model;
			sourceTree = "<group>";
		};
/* End PBXGroup section */

/* Begin PBXNativeTarget section */
		8B6632B716DF065F00862119 /* CoreSpot */ = {
			isa = PBXNativeTarget;
			buildConfigurationList = 8B6632DF16DF065F00862119 /* Build configuration list for PBXNativeTarget "CoreSpot" */;
			buildPhases = (
				8B6632B416DF065F00862119 /* Sources */,
				8B6632B516DF065F00862119 /* Frameworks */,
				8B6632B616DF065F00862119 /* Resources */,
			);
			buildRules = (
			);
			dependencies = (
			);
			name = CoreSpot;
			productName = CoreSpot;
			productReference = 8B6632B816DF065F00862119 /* CoreSpot.app */;
			productType = "com.apple.product-type.application";
		};
/* End PBXNativeTarget section */

/* Begin PBXProject section */
		8B6632AF16DF065F00862119 /* Project object */ = {
			isa = PBXProject;
			attributes = {
				CLASSPREFIX = Spot;
				LastUpgradeCheck = 0450;
				ORGANIZATIONNAME = johnfn;
			};
			buildConfigurationList = 8B6632B216DF065F00862119 /* Build configuration list for PBXProject "CoreSpot" */;
			compatibilityVersion = "Xcode 3.2";
			developmentRegion = English;
			hasScannedForEncodings = 0;
			knownRegions = (
				en,
			);
			mainGroup = 8B6632AD16DF065F00862119;
			productRefGroup = 8B6632B916DF065F00862119 /* Products */;
			projectDirPath = "";
			projectRoot = "";
			targets = (
				8B6632B716DF065F00862119 /* CoreSpot */,
			);
		};
/* End PBXProject section */

/* Begin PBXResourcesBuildPhase section */
		8B6632B616DF065F00862119 /* Resources */ = {
			isa = PBXResourcesBuildPhase;
			buildActionMask = 2147483647;
			files = (
				8B6632C716DF065F00862119 /* InfoPlist.strings in Resources */,
				8B6632CF16DF065F00862119 /* Default.png in Resources */,
				8B6632D116DF065F00862119 /* Default@2x.png in Resources */,
				8B6632D316DF065F00862119 /* Default-568h@2x.png in Resources */,
				8B6632D616DF065F00862119 /* MainStoryboard_iPhone.storyboard in Resources */,
				8B6632D916DF065F00862119 /* MainStoryboard_iPad.storyboard in Resources */,
			);
			runOnlyForDeploymentPostprocessing = 0;
		};
/* End PBXResourcesBuildPhase section */

/* Begin PBXSourcesBuildPhase section */
		8B6632B416DF065F00862119 /* Sources */ = {
			isa = PBXSourcesBuildPhase;
			buildActionMask = 2147483647;
			files = (
				8B6632C916DF065F00862119 /* main.m in Sources */,
				8B6632CD16DF065F00862119 /* SpotAppDelegate.m in Sources */,
				8B6632DC16DF065F00862119 /* SpotViewController.m in Sources */,
				8B6632E516DF127E00862119 /* ImageViewController.m in Sources */,
				8B6632E816DF147900862119 /* PhotoModel.xcdatamodeld in Sources */,
				8B6632ED16DF23EC00862119 /* FlickrFetcher.m in Sources */,
				8B66330216DF31CB00862119 /* PhotoManager.m in Sources */,
				8B66330516DF35D400862119 /* Photo+Flickr.m in Sources */,
				8B66331016DF53BD00862119 /* Tag.m in Sources */,
				8B66331316DF53F800862119 /* Tag+Flickr.m in Sources */,
				8B66331916DF5E7600862119 /* Photo.m in Sources */,
			);
			runOnlyForDeploymentPostprocessing = 0;
		};
/* End PBXSourcesBuildPhase section */

/* Begin PBXVariantGroup section */
		8B6632C516DF065F00862119 /* InfoPlist.strings */ = {
			isa = PBXVariantGroup;
			children = (
				8B6632C616DF065F00862119 /* en */,
			);
			name = InfoPlist.strings;
			sourceTree = "<group>";
		};
		8B6632D416DF065F00862119 /* MainStoryboard_iPhone.storyboard */ = {
			isa = PBXVariantGroup;
			children = (
				8B6632D516DF065F00862119 /* en */,
			);
			name = MainStoryboard_iPhone.storyboard;
			sourceTree = "<group>";
		};
		8B6632D716DF065F00862119 /* MainStoryboard_iPad.storyboard */ = {
			isa = PBXVariantGroup;
			children = (
				8B6632D816DF065F00862119 /* en */,
			);
			name = MainStoryboard_iPad.storyboard;
			sourceTree = "<group>";
		};
/* End PBXVariantGroup section */

/* Begin XCBuildConfiguration section */
		8B6632DD16DF065F00862119 /* Debug */ = {
			isa = XCBuildConfiguration;
			buildSettings = {
				ALWAYS_SEARCH_USER_PATHS = NO;
				CLANG_CXX_LANGUAGE_STANDARD = "gnu++0x";
				CLANG_CXX_LIBRARY = "libc++";
				CLANG_ENABLE_OBJC_ARC = YES;
				CLANG_WARN_EMPTY_BODY = YES;
				CLANG_WARN__DUPLICATE_METHOD_MATCH = YES;
				"CODE_SIGN_IDENTITY[sdk=iphoneos*]" = "iPhone Developer";
				COPY_PHASE_STRIP = NO;
				GCC_C_LANGUAGE_STANDARD = gnu99;
				GCC_DYNAMIC_NO_PIC = NO;
				GCC_OPTIMIZATION_LEVEL = 0;
				GCC_PREPROCESSOR_DEFINITIONS = (
					"DEBUG=1",
					"$(inherited)",
				);
				GCC_SYMBOLS_PRIVATE_EXTERN = NO;
				GCC_WARN_ABOUT_RETURN_TYPE = YES;
				GCC_WARN_UNINITIALIZED_AUTOS = YES;
				GCC_WARN_UNUSED_VARIABLE = YES;
				IPHONEOS_DEPLOYMENT_TARGET = 6.0;
				SDKROOT = iphoneos;
				TARGETED_DEVICE_FAMILY = "1,2";
			};
			name = Debug;
		};
		8B6632DE16DF065F00862119 /* Release */ = {
			isa = XCBuildConfiguration;
			buildSettings = {
				ALWAYS_SEARCH_USER_PATHS = NO;
				CLANG_CXX_LANGUAGE_STANDARD = "gnu++0x";
				CLANG_CXX_LIBRARY = "libc++";
				CLANG_ENABLE_OBJC_ARC = YES;
				CLANG_WARN_EMPTY_BODY = YES;
				CLANG_WARN__DUPLICATE_METHOD_MATCH = YES;
				"CODE_SIGN_IDENTITY[sdk=iphoneos*]" = "iPhone Developer";
				COPY_PHASE_STRIP = YES;
				GCC_C_LANGUAGE_STANDARD = gnu99;
				GCC_WARN_ABOUT_RETURN_TYPE = YES;
				GCC_WARN_UNINITIALIZED_AUTOS = YES;
				GCC_WARN_UNUSED_VARIABLE = YES;
				IPHONEOS_DEPLOYMENT_TARGET = 6.0;
				OTHER_CFLAGS = "-DNS_BLOCK_ASSERTIONS=1";
				SDKROOT = iphoneos;
				TARGETED_DEVICE_FAMILY = "1,2";
				VALIDATE_PRODUCT = YES;
			};
			name = Release;
		};
		8B6632E016DF065F00862119 /* Debug */ = {
			isa = XCBuildConfiguration;
			buildSettings = {
				GCC_PRECOMPILE_PREFIX_HEADER = YES;
				GCC_PREFIX_HEADER = "CoreSpot/CoreSpot-Prefix.pch";
				INFOPLIST_FILE = "CoreSpot/CoreSpot-Info.plist";
				PRODUCT_NAME = "$(TARGET_NAME)";
				WRAPPER_EXTENSION = app;
			};
			name = Debug;
		};
		8B6632E116DF065F00862119 /* Release */ = {
			isa = XCBuildConfiguration;
			buildSettings = {
				GCC_PRECOMPILE_PREFIX_HEADER = YES;
				GCC_PREFIX_HEADER = "CoreSpot/CoreSpot-Prefix.pch";
				INFOPLIST_FILE = "CoreSpot/CoreSpot-Info.plist";
				PRODUCT_NAME = "$(TARGET_NAME)";
				WRAPPER_EXTENSION = app;
			};
			name = Release;
		};
/* End XCBuildConfiguration section */

/* Begin XCConfigurationList section */
		8B6632B216DF065F00862119 /* Build configuration list for PBXProject "CoreSpot" */ = {
			isa = XCConfigurationList;
			buildConfigurations = (
				8B6632DD16DF065F00862119 /* Debug */,
				8B6632DE16DF065F00862119 /* Release */,
			);
			defaultConfigurationIsVisible = 0;
			defaultConfigurationName = Release;
		};
		8B6632DF16DF065F00862119 /* Build configuration list for PBXNativeTarget "CoreSpot" */ = {
			isa = XCConfigurationList;
			buildConfigurations = (
				8B6632E016DF065F00862119 /* Debug */,
				8B6632E116DF065F00862119 /* Release */,
			);
			defaultConfigurationIsVisible = 0;
		};
/* End XCConfigurationList section */

/* Begin XCVersionGroup section */
		8B6632E616DF147900862119 /* PhotoModel.xcdatamodeld */ = {
			isa = XCVersionGroup;
			children = (
				8B6632E716DF147900862119 /* PhotoModel.xcdatamodel */,
			);
			currentVersion = 8B6632E716DF147900862119 /* PhotoModel.xcdatamodel */;
			path = PhotoModel.xcdatamodeld;
			sourceTree = "<group>";
			versionGroupType = wrapper.xcdatamodel;
		};
/* End XCVersionGroup section */
	};
	rootObject = 8B6632AF16DF065F00862119 /* Project object */;
}
